
Microsoft Visual Studio Solution File, Format Version 12.00
# Visual Studio 15
VisualStudioVersion = 15.0.28010.0
MinimumVisualStudioVersion = 10.0.40219.1
Project("{FAE04EC0-301F-11D3-BF4B-00C04F79EFBC}") = "MobileFirst.Sample", "MobileFirst.Sample\MobileFirst.Sample.csproj", "{650C01F5-0C83-4C7B-B517-8FAD310EB648}"
EndProject
Project("{CAA73BB0-EF22-4D79-A57E-DF67B3BA9C80}") = "TDS.MobileFirst.Sample", "TDS.MobileFirst.Sample\TDS.MobileFirst.Sample.scproj", "{CDC8BBB0-4753-4D16-82AF-842913219815}"
EndProject
Global
	GlobalSection(SolutionConfigurationPlatforms) = preSolution
		Debug|Any CPU = Debug|Any CPU
		Release|Any CPU = Release|Any CPU
	EndGlobalSection
	GlobalSection(ProjectConfigurationPlatforms) = postSolution
		{650C01F5-0C83-4C7B-B517-8FAD310EB648}.Debug|Any CPU.ActiveCfg = Debug|Any CPU
		{650C01F5-0C83-4C7B-B517-8FAD310EB648}.Debug|Any CPU.Build.0 = Debug|Any CPU
		{650C01F5-0C83-4C7B-B517-8FAD310EB648}.Release|Any CPU.ActiveCfg = Release|Any CPU
		{650C01F5-0C83-4C7B-B517-8FAD310EB648}.Release|Any CPU.Build.0 = Release|Any CPU
		{CDC8BBB0-4753-4D16-82AF-842913219815}.Debug|Any CPU.ActiveCfg = Debug|Any CPU
		{CDC8BBB0-4753-4D16-82AF-842913219815}.Debug|Any CPU.Build.0 = Debug|Any CPU
		{CDC8BBB0-4753-4D16-82AF-842913219815}.Debug|Any CPU.Deploy.0 = Debug|Any CPU
		{CDC8BBB0-4753-4D16-82AF-842913219815}.Release|Any CPU.ActiveCfg = Release|Any CPU
		{CDC8BBB0-4753-4D16-82AF-842913219815}.Release|Any CPU.Build.0 = Release|Any CPU
		{CDC8BBB0-4753-4D16-82AF-842913219815}.Release|Any CPU.Deploy.0 = Release|Any CPU
	EndGlobalSection
	GlobalSection(SolutionProperties) = preSolution
		HideSolutionNode = FALSE
	EndGlobalSection
	GlobalSection(ExtensibilityGlobals) = postSolution
		SolutionGuid = {88C0C314-970B-4C81-BCB5-190D115DA87A}
	EndGlobalSection
EndGlobal
